{
  "name": "twinleaf-web-ui",
  "lockfileVersion": 2,
  "requires": true,
  "packages": {
    "": {
      "dependencies": {
        "@tauri-apps/api": "^1.0.0-beta.8",
        "@types/react": "^17.0.37",
        "@types/react-dom": "^17.0.11",
        "jquery": "^3.6.0",
        "react": "^17.0.2",
        "react-dom": "^17.0.2",
        "semantic-ui-css": "^2.4.1",
        "semantic-ui-react": "^2.0.4",
        "typescript": "^4.5.4",
        "uplot": "^1.6.17"
      },
      "devDependencies": {
        "esbuild": "^0.14.5"
      }
    },
    "node_modules/@babel/runtime": {
      "version": "7.16.5",
      "resolved": "https://registry.npmjs.org/@babel/runtime/-/runtime-7.16.5.tgz",
      "integrity": "sha512-TXWihFIS3Pyv5hzR7j6ihmeLkZfrXGxAr5UfSl8CHf+6q/wpiYDkUau0czckpYG8QmnCIuPpdLtuA9VmuGGyMA==",
      "dependencies": {
        "regenerator-runtime": "^0.13.4"
      },
      "engines": {
        "node": ">=6.9.0"
      }
    },
    "node_modules/@fluentui/react-component-event-listener": {
      "version": "0.51.7",
      "resolved": "https://registry.npmjs.org/@fluentui/react-component-event-listener/-/react-component-event-listener-0.51.7.tgz",
      "integrity": "sha512-NjVm+crN0T9A7vITL8alZeHnuV8zi2gos0nezU/2YOxaUAB9E4zKiPxt/6k5U50rJs/gj8Nu45iXxnjO41HbZg==",
      "dependencies": {
        "@babel/runtime": "^7.10.4"
      },
      "peerDependencies": {
        "react": "^16.8.0 || ^17",
        "react-dom": "^16.8.0 || ^17"
      }
    },
    "node_modules/@fluentui/react-component-ref": {
      "version": "0.51.7",
      "resolved": "https://registry.npmjs.org/@fluentui/react-component-ref/-/react-component-ref-0.51.7.tgz",
      "integrity": "sha512-CX27jVJYaFoBCWpuWAizQZ2se137ku1dmDyn8sw+ySNJa+kkQf7LnMydiPW5K7cRdUSqUJW3eS4EjKRvVAx8xA==",
      "dependencies": {
        "@babel/runtime": "^7.10.4",
        "react-is": "^16.6.3"
      },
      "peerDependencies": {
        "react": "^16.8.0 || ^17",
        "react-dom": "^16.8.0 || ^17"
      }
    },
    "node_modules/@fluentui/react-component-ref/node_modules/react-is": {
      "version": "16.13.1",
      "resolved": "https://registry.npmjs.org/react-is/-/react-is-16.13.1.tgz",
      "integrity": "sha512-24e6ynE2H+OKt4kqsOvNd8kBpV65zoxbA4BVsEOB3ARVWQki/DHzaUoC5KuON/BiccDaCCTZBuOcfZs70kR8bQ=="
    },
    "node_modules/@popperjs/core": {
      "version": "2.11.0",
      "resolved": "https://registry.npmjs.org/@popperjs/core/-/core-2.11.0.tgz",
      "integrity": "sha512-zrsUxjLOKAzdewIDRWy9nsV1GQsKBCWaGwsZQlCgr6/q+vjyZhFgqedLfFBuI9anTPEUT4APq9Mu0SZBTzIcGQ==",
      "funding": {
        "type": "opencollective",
        "url": "https://opencollective.com/popperjs"
      }
    },
    "node_modules/@semantic-ui-react/event-stack": {
      "version": "3.1.2",
      "resolved": "https://registry.npmjs.org/@semantic-ui-react/event-stack/-/event-stack-3.1.2.tgz",
      "integrity": "sha512-Yd0Qf7lPCIjzJ9bZYfurlNu2RDXT6KKSyubHfYK3WjRauhxCsq6Fk2LMRI9DEvShoEU+AsLSv3NGkqXAcVp0zg==",
      "dependencies": {
        "exenv": "^1.2.2",
        "prop-types": "^15.6.2"
      },
      "peerDependencies": {
        "react": "^16.0.0 || ^17.0.0",
        "react-dom": "^16.0.0 || ^17.0.0"
      }
    },
    "node_modules/@tauri-apps/api": {
      "version": "1.0.0-beta.8",
      "resolved": "https://registry.npmjs.org/@tauri-apps/api/-/api-1.0.0-beta.8.tgz",
      "integrity": "sha512-a56lXB7XvQ4+fKtT0pxpkjTSKhyrQ1Vmjyvt2ox3mT9xw3l7s8IOKHJ1WuqW6TA6xdoy3Cyja3Z3prw8hflS7g==",
      "engines": {
        "node": ">= 12.13.0",
        "npm": ">= 6.6.0",
        "yarn": ">= 1.19.1"
      },
      "funding": {
        "type": "opencollective",
        "url": "https://opencollective.com/tauri"
      }
    },
    "node_modules/@types/prop-types": {
      "version": "15.7.4",
      "resolved": "https://registry.npmjs.org/@types/prop-types/-/prop-types-15.7.4.tgz",
      "integrity": "sha512-rZ5drC/jWjrArrS8BR6SIr4cWpW09RNTYt9AMZo3Jwwif+iacXAqgVjm0B0Bv/S1jhDXKHqRVNCbACkJ89RAnQ=="
    },
    "node_modules/@types/react": {
      "version": "17.0.37",
      "resolved": "https://registry.npmjs.org/@types/react/-/react-17.0.37.tgz",
      "integrity": "sha512-2FS1oTqBGcH/s0E+CjrCCR9+JMpsu9b69RTFO+40ua43ZqP5MmQ4iUde/dMjWR909KxZwmOQIFq6AV6NjEG5xg==",
      "dependencies": {
        "@types/prop-types": "*",
        "@types/scheduler": "*",
        "csstype": "^3.0.2"
      }
    },
    "node_modules/@types/react-dom": {
      "version": "17.0.11",
      "resolved": "https://registry.npmjs.org/@types/react-dom/-/react-dom-17.0.11.tgz",
      "integrity": "sha512-f96K3k+24RaLGVu/Y2Ng3e1EbZ8/cVJvypZWd7cy0ofCBaf2lcM46xNhycMZ2xGwbBjRql7hOlZ+e2WlJ5MH3Q==",
      "dependencies": {
        "@types/react": "*"
      }
    },
    "node_modules/@types/scheduler": {
      "version": "0.16.2",
      "resolved": "https://registry.npmjs.org/@types/scheduler/-/scheduler-0.16.2.tgz",
      "integrity": "sha512-hppQEBDmlwhFAXKJX2KnWLYu5yMfi91yazPb2l+lbJiwW+wdo1gNeRA+3RgNSO39WYX2euey41KEwnqesU2Jew=="
    },
    "node_modules/clsx": {
      "version": "1.1.1",
      "resolved": "https://registry.npmjs.org/clsx/-/clsx-1.1.1.tgz",
      "integrity": "sha512-6/bPho624p3S2pMyvP5kKBPXnI3ufHLObBFCfgx+LkeR5lg2XYy2hqZqUf45ypD8COn2bhgGJSUE+l5dhNBieA==",
      "engines": {
        "node": ">=6"
      }
    },
    "node_modules/csstype": {
      "version": "3.0.10",
      "resolved": "https://registry.npmjs.org/csstype/-/csstype-3.0.10.tgz",
      "integrity": "sha512-2u44ZG2OcNUO9HDp/Jl8C07x6pU/eTR3ncV91SiK3dhG9TWvRVsCoJw14Ckx5DgWkzGA3waZWO3d7pgqpUI/XA=="
    },
    "node_modules/esbuild": {
      "version": "0.14.5",
      "resolved": "https://registry.npmjs.org/esbuild/-/esbuild-0.14.5.tgz",
      "integrity": "sha512-ofwgH4ITPXhkMo2AM39oXpSe5KIyWjxicdqYVy+tLa1lMgxzPCKwaepcrSRtYbgTUMXwquxB1C3xQYpUNaPAFA==",
      "dev": true,
      "hasInstallScript": true,
      "license": "MIT",
      "bin": {
        "esbuild": "bin/esbuild"
      },
      "optionalDependencies": {
        "esbuild-android-arm64": "0.14.5",
        "esbuild-darwin-64": "0.14.5",
        "esbuild-darwin-arm64": "0.14.5",
        "esbuild-freebsd-64": "0.14.5",
        "esbuild-freebsd-arm64": "0.14.5",
        "esbuild-linux-32": "0.14.5",
        "esbuild-linux-64": "0.14.5",
        "esbuild-linux-arm": "0.14.5",
        "esbuild-linux-arm64": "0.14.5",
        "esbuild-linux-mips64le": "0.14.5",
        "esbuild-linux-ppc64le": "0.14.5",
        "esbuild-netbsd-64": "0.14.5",
        "esbuild-openbsd-64": "0.14.5",
        "esbuild-sunos-64": "0.14.5",
        "esbuild-windows-32": "0.14.5",
        "esbuild-windows-64": "0.14.5",
        "esbuild-windows-arm64": "0.14.5"
      }
    },
    "node_modules/esbuild-linux-64": {
      "version": "0.14.5",
      "resolved": "https://registry.npmjs.org/esbuild-linux-64/-/esbuild-linux-64-0.14.5.tgz",
      "integrity": "sha512-T+OuYPlhytjj5DsvjUXizNjbV+/IrZiaDc9SNUfqiUOXHu0URFqchjhPVbBiBnWykCMJFB6pqNap2Oxth4iuYw==",
      "cpu": [
        "x64"
      ],
      "dev": true,
      "license": "MIT",
      "optional": true,
      "os": [
        "linux"
      ]
    },
    "node_modules/exenv": {
      "version": "1.2.2",
      "resolved": "https://registry.npmjs.org/exenv/-/exenv-1.2.2.tgz",
      "integrity": "sha1-KueOhdmJQVhnCwPUe+wfA72Ru50="
    },
    "node_modules/jquery": {
      "version": "3.6.0",
      "resolved": "https://registry.npmjs.org/jquery/-/jquery-3.6.0.tgz",
      "integrity": "sha512-JVzAR/AjBvVt2BmYhxRCSYysDsPcssdmTFnzyLEts9qNwmjmu4JTAMYubEfwVOSwpQ1I1sKKFcxhZCI2buerfw==",
      "license": "MIT"
    },
    "node_modules/js-tokens": {
      "version": "4.0.0",
      "resolved": "https://registry.npmjs.org/js-tokens/-/js-tokens-4.0.0.tgz",
      "integrity": "sha512-RdJUflcE3cUzKiMqQgsCu06FPu9UdIJO0beYbPhHN4k6apgJtifcoCtT9bcxOpYBtpD2kCM6Sbzg4CausW/PKQ=="
    },
    "node_modules/keyboard-key": {
      "version": "1.1.0",
      "resolved": "https://registry.npmjs.org/keyboard-key/-/keyboard-key-1.1.0.tgz",
      "integrity": "sha512-qkBzPTi3rlAKvX7k0/ub44sqOfXeLc/jcnGGmj5c7BJpU8eDrEVPyhCvNYAaoubbsLm9uGWwQJO1ytQK1a9/dQ=="
    },
    "node_modules/lodash": {
      "version": "4.17.21",
      "resolved": "https://registry.npmjs.org/lodash/-/lodash-4.17.21.tgz",
      "integrity": "sha512-v2kDEe57lecTulaDIuNTPy3Ry4gLGJ6Z1O3vE1krgXZNrsQ+LFTGHVxVjcXPs17LhbZVGedAJv8XZ1tvj5FvSg=="
    },
    "node_modules/lodash-es": {
      "version": "4.17.21",
      "resolved": "https://registry.npmjs.org/lodash-es/-/lodash-es-4.17.21.tgz",
      "integrity": "sha512-mKnC+QJ9pWVzv+C4/U3rRsHapFfHvQFoFB92e52xeyGMcX6/OlIl78je1u8vePzYZSkkogMPJ2yjxxsb89cxyw=="
    },
    "node_modules/loose-envify": {
      "version": "1.4.0",
      "resolved": "https://registry.npmjs.org/loose-envify/-/loose-envify-1.4.0.tgz",
      "integrity": "sha512-lyuxPGr/Wfhrlem2CL/UcnUc1zcqKAImBDzukY7Y5F/yQiNdko6+fRLevlw1HgMySw7f611UIY408EtxRSoK3Q==",
      "dependencies": {
        "js-tokens": "^3.0.0 || ^4.0.0"
      },
      "bin": {
        "loose-envify": "cli.js"
      }
    },
    "node_modules/object-assign": {
      "version": "4.1.1",
      "resolved": "https://registry.npmjs.org/object-assign/-/object-assign-4.1.1.tgz",
      "integrity": "sha1-IQmtx5ZYh8/AXLvUQsrIv7s2CGM=",
      "engines": {
        "node": ">=0.10.0"
      }
    },
    "node_modules/prop-types": {
      "version": "15.7.2",
      "resolved": "https://registry.npmjs.org/prop-types/-/prop-types-15.7.2.tgz",
      "integrity": "sha512-8QQikdH7//R2vurIJSutZ1smHYTcLpRWEOlHnzcWHmBYrOGUysKwSsrC89BCiFj3CbrfJ/nXFdJepOVrY1GCHQ==",
      "dependencies": {
        "loose-envify": "^1.4.0",
        "object-assign": "^4.1.1",
        "react-is": "^16.8.1"
      }
    },
    "node_modules/prop-types/node_modules/react-is": {
      "version": "16.13.1",
      "resolved": "https://registry.npmjs.org/react-is/-/react-is-16.13.1.tgz",
      "integrity": "sha512-24e6ynE2H+OKt4kqsOvNd8kBpV65zoxbA4BVsEOB3ARVWQki/DHzaUoC5KuON/BiccDaCCTZBuOcfZs70kR8bQ=="
    },
    "node_modules/react": {
      "version": "17.0.2",
      "resolved": "https://registry.npmjs.org/react/-/react-17.0.2.tgz",
      "integrity": "sha512-gnhPt75i/dq/z3/6q/0asP78D0u592D5L1pd7M8P+dck6Fu/jJeL6iVVK23fptSUZj8Vjf++7wXA8UNclGQcbA==",
      "dependencies": {
        "loose-envify": "^1.1.0",
        "object-assign": "^4.1.1"
      },
      "engines": {
        "node": ">=0.10.0"
      }
    },
    "node_modules/react-dom": {
      "version": "17.0.2",
      "resolved": "https://registry.npmjs.org/react-dom/-/react-dom-17.0.2.tgz",
      "integrity": "sha512-s4h96KtLDUQlsENhMn1ar8t2bEa+q/YAtj8pPPdIjPDGBDIVNsrD9aXNWqspUe6AzKCIG0C1HZZLqLV7qpOBGA==",
      "dependencies": {
        "loose-envify": "^1.1.0",
        "object-assign": "^4.1.1",
        "scheduler": "^0.20.2"
      },
      "peerDependencies": {
        "react": "17.0.2"
      }
    },
    "node_modules/react-fast-compare": {
      "version": "3.2.0",
      "resolved": "https://registry.npmjs.org/react-fast-compare/-/react-fast-compare-3.2.0.tgz",
      "integrity": "sha512-rtGImPZ0YyLrscKI9xTpV8psd6I8VAtjKCzQDlzyDvqJA8XOW78TXYQwNRNd8g8JZnDu8q9Fu/1v4HPAVwVdHA=="
    },
    "node_modules/react-is": {
      "version": "17.0.2",
      "resolved": "https://registry.npmjs.org/react-is/-/react-is-17.0.2.tgz",
      "integrity": "sha512-w2GsyukL62IJnlaff/nRegPQR94C/XXamvMWmSHRJ4y7Ts/4ocGRmTHvOs8PSE6pB3dWOrD/nueuU5sduBsQ4w=="
    },
    "node_modules/react-popper": {
      "version": "2.2.5",
      "resolved": "https://registry.npmjs.org/react-popper/-/react-popper-2.2.5.tgz",
      "integrity": "sha512-kxGkS80eQGtLl18+uig1UIf9MKixFSyPxglsgLBxlYnyDf65BiY9B3nZSc6C9XUNDgStROB0fMQlTEz1KxGddw==",
      "dependencies": {
        "react-fast-compare": "^3.0.1",
        "warning": "^4.0.2"
      },
      "peerDependencies": {
        "@popperjs/core": "^2.0.0",
        "react": "^16.8.0 || ^17"
      }
    },
    "node_modules/regenerator-runtime": {
      "version": "0.13.9",
      "resolved": "https://registry.npmjs.org/regenerator-runtime/-/regenerator-runtime-0.13.9.tgz",
      "integrity": "sha512-p3VT+cOEgxFsRRA9X4lkI1E+k2/CtnKtU4gcxyaCUreilL/vqI6CdZ3wxVUx3UOUg+gnUOQQcRI7BmSI656MYA=="
    },
    "node_modules/scheduler": {
      "version": "0.20.2",
      "resolved": "https://registry.npmjs.org/scheduler/-/scheduler-0.20.2.tgz",
      "integrity": "sha512-2eWfGgAqqWFGqtdMmcL5zCMK1U8KlXv8SQFGglL3CEtd0aDVDWgeF/YoCmvln55m5zSk3J/20hTaSBeSObsQDQ==",
      "dependencies": {
        "loose-envify": "^1.1.0",
        "object-assign": "^4.1.1"
      }
    },
    "node_modules/semantic-ui-css": {
      "version": "2.4.1",
      "resolved": "https://registry.npmjs.org/semantic-ui-css/-/semantic-ui-css-2.4.1.tgz",
      "integrity": "sha512-Pkp0p9oWOxlH0kODx7qFpIRYpK1T4WJOO4lNnpNPOoWKCrYsfHqYSKgk5fHfQtnWnsAKy7nLJMW02bgDWWFZFg==",
      "dependencies": {
        "jquery": "x.*"
      }
    },
    "node_modules/semantic-ui-react": {
      "version": "2.0.4",
      "resolved": "https://registry.npmjs.org/semantic-ui-react/-/semantic-ui-react-2.0.4.tgz",
      "integrity": "sha512-nTlIN/K1iEA7ybut2ICBlPfAushs2afkyUuwQ6vMlYpvLjnnUgN+JKhhoq47MlRuQ2ekdMDZ9OgctViTbDyBaQ==",
      "dependencies": {
        "@babel/runtime": "^7.10.5",
        "@fluentui/react-component-event-listener": "~0.51.6",
        "@fluentui/react-component-ref": "~0.51.6",
        "@popperjs/core": "^2.6.0",
        "@semantic-ui-react/event-stack": "^3.1.2",
        "clsx": "^1.1.1",
        "keyboard-key": "^1.1.0",
        "lodash": "^4.17.21",
        "lodash-es": "^4.17.21",
        "prop-types": "^15.7.2",
        "react-is": "^16.8.6 || ^17.0.0",
        "react-popper": "^2.2.4",
        "shallowequal": "^1.1.0"
      },
      "peerDependencies": {
        "react": "^16.8.0 || ^17.0.0",
        "react-dom": "^16.8.0 || ^17.0.0"
      }
    },
    "node_modules/shallowequal": {
      "version": "1.1.0",
      "resolved": "https://registry.npmjs.org/shallowequal/-/shallowequal-1.1.0.tgz",
      "integrity": "sha512-y0m1JoUZSlPAjXVtPPW70aZWfIL/dSP7AFkRnniLCrK/8MDKog3TySTBmckD+RObVxH0v4Tox67+F14PdED2oQ=="
    },
    "node_modules/typescript": {
      "version": "4.5.4",
      "resolved": "https://registry.npmjs.org/typescript/-/typescript-4.5.4.tgz",
      "integrity": "sha512-VgYs2A2QIRuGphtzFV7aQJduJ2gyfTljngLzjpfW9FoYZF6xuw1W0vW9ghCKLfcWrCFxK81CSGRAvS1pn4fIUg==",
      "bin": {
        "tsc": "bin/tsc",
        "tsserver": "bin/tsserver"
      },
      "engines": {
        "node": ">=4.2.0"
      }
    },
    "node_modules/uplot": {
      "version": "1.6.17",
      "resolved": "https://registry.npmjs.org/uplot/-/uplot-1.6.17.tgz",
      "integrity": "sha512-WHNHvDCXURn+Qwb3QUUzP6rOxx+3kUZUspREyhkqmXCxFIND99l5z9intTh+uPEt+/EEu7lCaMjSd1uTfuTXfg==",
      "license": "MIT"
    },
    "node_modules/warning": {
      "version": "4.0.3",
      "resolved": "https://registry.npmjs.org/warning/-/warning-4.0.3.tgz",
      "integrity": "sha512-rpJyN222KWIvHJ/F53XSZv0Zl/accqHR8et1kpaMTD/fLCRxtV8iX8czMzY7sVZupTI3zcUTg8eycS2kNF9l6w==",
      "dependencies": {
        "loose-envify": "^1.0.0"
      }
    }
  },
  "dependencies": {
    "@babel/runtime": {
      "version": "7.16.5",
      "resolved": "https://registry.npmjs.org/@babel/runtime/-/runtime-7.16.5.tgz",
      "integrity": "sha512-TXWihFIS3Pyv5hzR7j6ihmeLkZfrXGxAr5UfSl8CHf+6q/wpiYDkUau0czckpYG8QmnCIuPpdLtuA9VmuGGyMA==",
      "requires": {
        "regenerator-runtime": "^0.13.4"
      }
    },
    "@fluentui/react-component-event-listener": {
      "version": "0.51.7",
      "resolved": "https://registry.npmjs.org/@fluentui/react-component-event-listener/-/react-component-event-listener-0.51.7.tgz",
      "integrity": "sha512-NjVm+crN0T9A7vITL8alZeHnuV8zi2gos0nezU/2YOxaUAB9E4zKiPxt/6k5U50rJs/gj8Nu45iXxnjO41HbZg==",
      "requires": {
        "@babel/runtime": "^7.10.4"
      }
    },
    "@fluentui/react-component-ref": {
      "version": "0.51.7",
      "resolved": "https://registry.npmjs.org/@fluentui/react-component-ref/-/react-component-ref-0.51.7.tgz",
      "integrity": "sha512-CX27jVJYaFoBCWpuWAizQZ2se137ku1dmDyn8sw+ySNJa+kkQf7LnMydiPW5K7cRdUSqUJW3eS4EjKRvVAx8xA==",
      "requires": {
        "@babel/runtime": "^7.10.4",
        "react-is": "^16.6.3"
      },
      "dependencies": {
        "react-is": {
          "version": "16.13.1",
          "resolved": "https://registry.npmjs.org/react-is/-/react-is-16.13.1.tgz",
          "integrity": "sha512-24e6ynE2H+OKt4kqsOvNd8kBpV65zoxbA4BVsEOB3ARVWQki/DHzaUoC5KuON/BiccDaCCTZBuOcfZs70kR8bQ=="
        }
      }
    },
    "@popperjs/core": {
      "version": "2.11.0",
      "resolved": "https://registry.npmjs.org/@popperjs/core/-/core-2.11.0.tgz",
      "integrity": "sha512-zrsUxjLOKAzdewIDRWy9nsV1GQsKBCWaGwsZQlCgr6/q+vjyZhFgqedLfFBuI9anTPEUT4APq9Mu0SZBTzIcGQ=="
    },
    "@semantic-ui-react/event-stack": {
      "version": "3.1.2",
      "resolved": "https://registry.npmjs.org/@semantic-ui-react/event-stack/-/event-stack-3.1.2.tgz",
      "integrity": "sha512-Yd0Qf7lPCIjzJ9bZYfurlNu2RDXT6KKSyubHfYK3WjRauhxCsq6Fk2LMRI9DEvShoEU+AsLSv3NGkqXAcVp0zg==",
      "requires": {
        "exenv": "^1.2.2",
        "prop-types": "^15.6.2"
      }
    },
    "@tauri-apps/api": {
      "version": "1.0.0-beta.8",
      "resolved": "https://registry.npmjs.org/@tauri-apps/api/-/api-1.0.0-beta.8.tgz",
      "integrity": "sha512-a56lXB7XvQ4+fKtT0pxpkjTSKhyrQ1Vmjyvt2ox3mT9xw3l7s8IOKHJ1WuqW6TA6xdoy3Cyja3Z3prw8hflS7g=="
    },
    "@types/prop-types": {
      "version": "15.7.4",
      "resolved": "https://registry.npmjs.org/@types/prop-types/-/prop-types-15.7.4.tgz",
      "integrity": "sha512-rZ5drC/jWjrArrS8BR6SIr4cWpW09RNTYt9AMZo3Jwwif+iacXAqgVjm0B0Bv/S1jhDXKHqRVNCbACkJ89RAnQ=="
    },
    "@types/react": {
      "version": "17.0.37",
      "resolved": "https://registry.npmjs.org/@types/react/-/react-17.0.37.tgz",
      "integrity": "sha512-2FS1oTqBGcH/s0E+CjrCCR9+JMpsu9b69RTFO+40ua43ZqP5MmQ4iUde/dMjWR909KxZwmOQIFq6AV6NjEG5xg==",
      "requires": {
        "@types/prop-types": "*",
        "@types/scheduler": "*",
        "csstype": "^3.0.2"
      }
    },
    "@types/react-dom": {
      "version": "17.0.11",
      "resolved": "https://registry.npmjs.org/@types/react-dom/-/react-dom-17.0.11.tgz",
      "integrity": "sha512-f96K3k+24RaLGVu/Y2Ng3e1EbZ8/cVJvypZWd7cy0ofCBaf2lcM46xNhycMZ2xGwbBjRql7hOlZ+e2WlJ5MH3Q==",
      "requires": {
        "@types/react": "*"
      }
    },
    "@types/scheduler": {
      "version": "0.16.2",
      "resolved": "https://registry.npmjs.org/@types/scheduler/-/scheduler-0.16.2.tgz",
      "integrity": "sha512-hppQEBDmlwhFAXKJX2KnWLYu5yMfi91yazPb2l+lbJiwW+wdo1gNeRA+3RgNSO39WYX2euey41KEwnqesU2Jew=="
    },
    "clsx": {
      "version": "1.1.1",
      "resolved": "https://registry.npmjs.org/clsx/-/clsx-1.1.1.tgz",
      "integrity": "sha512-6/bPho624p3S2pMyvP5kKBPXnI3ufHLObBFCfgx+LkeR5lg2XYy2hqZqUf45ypD8COn2bhgGJSUE+l5dhNBieA=="
    },
    "csstype": {
      "version": "3.0.10",
      "resolved": "https://registry.npmjs.org/csstype/-/csstype-3.0.10.tgz",
      "integrity": "sha512-2u44ZG2OcNUO9HDp/Jl8C07x6pU/eTR3ncV91SiK3dhG9TWvRVsCoJw14Ckx5DgWkzGA3waZWO3d7pgqpUI/XA=="
    },
    "esbuild": {
      "version": "0.14.5",
      "resolved": "https://registry.npmjs.org/esbuild/-/esbuild-0.14.5.tgz",
      "integrity": "sha512-ofwgH4ITPXhkMo2AM39oXpSe5KIyWjxicdqYVy+tLa1lMgxzPCKwaepcrSRtYbgTUMXwquxB1C3xQYpUNaPAFA==",
      "dev": true,
      "requires": {
        "esbuild-android-arm64": "0.14.5",
        "esbuild-darwin-64": "0.14.5",
        "esbuild-darwin-arm64": "0.14.5",
        "esbuild-freebsd-64": "0.14.5",
        "esbuild-freebsd-arm64": "0.14.5",
        "esbuild-linux-32": "0.14.5",
        "esbuild-linux-64": "0.14.5",
        "esbuild-linux-arm": "0.14.5",
        "esbuild-linux-arm64": "0.14.5",
        "esbuild-linux-mips64le": "0.14.5",
        "esbuild-linux-ppc64le": "0.14.5",
        "esbuild-netbsd-64": "0.14.5",
        "esbuild-openbsd-64": "0.14.5",
        "esbuild-sunos-64": "0.14.5",
        "esbuild-windows-32": "0.14.5",
        "esbuild-windows-64": "0.14.5",
        "esbuild-windows-arm64": "0.14.5"
      }
    },
    "esbuild-linux-64": {
      "version": "0.14.5",
      "resolved": "https://registry.npmjs.org/esbuild-linux-64/-/esbuild-linux-64-0.14.5.tgz",
      "integrity": "sha512-T+OuYPlhytjj5DsvjUXizNjbV+/IrZiaDc9SNUfqiUOXHu0URFqchjhPVbBiBnWykCMJFB6pqNap2Oxth4iuYw==",
      "dev": true,
      "optional": true
    },
    "exenv": {
      "version": "1.2.2",
      "resolved": "https://registry.npmjs.org/exenv/-/exenv-1.2.2.tgz",
      "integrity": "sha1-KueOhdmJQVhnCwPUe+wfA72Ru50="
    },
    "jquery": {
      "version": "3.6.0",
      "resolved": "https://registry.npmjs.org/jquery/-/jquery-3.6.0.tgz",
      "integrity": "sha512-JVzAR/AjBvVt2BmYhxRCSYysDsPcssdmTFnzyLEts9qNwmjmu4JTAMYubEfwVOSwpQ1I1sKKFcxhZCI2buerfw=="
    },
    "js-tokens": {
      "version": "4.0.0",
      "resolved": "https://registry.npmjs.org/js-tokens/-/js-tokens-4.0.0.tgz",
      "integrity": "sha512-RdJUflcE3cUzKiMqQgsCu06FPu9UdIJO0beYbPhHN4k6apgJtifcoCtT9bcxOpYBtpD2kCM6Sbzg4CausW/PKQ=="
    },
    "keyboard-key": {
      "version": "1.1.0",
      "resolved": "https://registry.npmjs.org/keyboard-key/-/keyboard-key-1.1.0.tgz",
      "integrity": "sha512-qkBzPTi3rlAKvX7k0/ub44sqOfXeLc/jcnGGmj5c7BJpU8eDrEVPyhCvNYAaoubbsLm9uGWwQJO1ytQK1a9/dQ=="
    },
    "lodash": {
      "version": "4.17.21",
      "resolved": "https://registry.npmjs.org/lodash/-/lodash-4.17.21.tgz",
      "integrity": "sha512-v2kDEe57lecTulaDIuNTPy3Ry4gLGJ6Z1O3vE1krgXZNrsQ+LFTGHVxVjcXPs17LhbZVGedAJv8XZ1tvj5FvSg=="
    },
    "lodash-es": {
      "version": "4.17.21",
      "resolved": "https://registry.npmjs.org/lodash-es/-/lodash-es-4.17.21.tgz",
      "integrity": "sha512-mKnC+QJ9pWVzv+C4/U3rRsHapFfHvQFoFB92e52xeyGMcX6/OlIl78je1u8vePzYZSkkogMPJ2yjxxsb89cxyw=="
    },
    "loose-envify": {
      "version": "1.4.0",
      "resolved": "https://registry.npmjs.org/loose-envify/-/loose-envify-1.4.0.tgz",
      "integrity": "sha512-lyuxPGr/Wfhrlem2CL/UcnUc1zcqKAImBDzukY7Y5F/yQiNdko6+fRLevlw1HgMySw7f611UIY408EtxRSoK3Q==",
      "requires": {
        "js-tokens": "^3.0.0 || ^4.0.0"
      }
    },
    "object-assign": {
      "version": "4.1.1",
      "resolved": "https://registry.npmjs.org/object-assign/-/object-assign-4.1.1.tgz",
      "integrity": "sha1-IQmtx5ZYh8/AXLvUQsrIv7s2CGM="
    },
    "prop-types": {
      "version": "15.7.2",
      "resolved": "https://registry.npmjs.org/prop-types/-/prop-types-15.7.2.tgz",
      "integrity": "sha512-8QQikdH7//R2vurIJSutZ1smHYTcLpRWEOlHnzcWHmBYrOGUysKwSsrC89BCiFj3CbrfJ/nXFdJepOVrY1GCHQ==",
      "requires": {
        "loose-envify": "^1.4.0",
        "object-assign": "^4.1.1",
        "react-is": "^16.8.1"
      },
      "dependencies": {
        "react-is": {
          "version": "16.13.1",
          "resolved": "https://registry.npmjs.org/react-is/-/react-is-16.13.1.tgz",
          "integrity": "sha512-24e6ynE2H+OKt4kqsOvNd8kBpV65zoxbA4BVsEOB3ARVWQki/DHzaUoC5KuON/BiccDaCCTZBuOcfZs70kR8bQ=="
        }
      }
    },
    "react": {
      "version": "17.0.2",
      "resolved": "https://registry.npmjs.org/react/-/react-17.0.2.tgz",
      "integrity": "sha512-gnhPt75i/dq/z3/6q/0asP78D0u592D5L1pd7M8P+dck6Fu/jJeL6iVVK23fptSUZj8Vjf++7wXA8UNclGQcbA==",
      "requires": {
        "loose-envify": "^1.1.0",
        "object-assign": "^4.1.1"
      }
    },
    "react-dom": {
      "version": "17.0.2",
      "resolved": "https://registry.npmjs.org/react-dom/-/react-dom-17.0.2.tgz",
      "integrity": "sha512-s4h96KtLDUQlsENhMn1ar8t2bEa+q/YAtj8pPPdIjPDGBDIVNsrD9aXNWqspUe6AzKCIG0C1HZZLqLV7qpOBGA==",
      "requires": {
        "loose-envify": "^1.1.0",
        "object-assign": "^4.1.1",
        "scheduler": "^0.20.2"
      }
    },
    "react-fast-compare": {
      "version": "3.2.0",
      "resolved": "https://registry.npmjs.org/react-fast-compare/-/react-fast-compare-3.2.0.tgz",
      "integrity": "sha512-rtGImPZ0YyLrscKI9xTpV8psd6I8VAtjKCzQDlzyDvqJA8XOW78TXYQwNRNd8g8JZnDu8q9Fu/1v4HPAVwVdHA=="
    },
    "react-is": {
      "version": "17.0.2",
      "resolved": "https://registry.npmjs.org/react-is/-/react-is-17.0.2.tgz",
      "integrity": "sha512-w2GsyukL62IJnlaff/nRegPQR94C/XXamvMWmSHRJ4y7Ts/4ocGRmTHvOs8PSE6pB3dWOrD/nueuU5sduBsQ4w=="
    },
    "react-popper": {
      "version": "2.2.5",
      "resolved": "https://registry.npmjs.org/react-popper/-/react-popper-2.2.5.tgz",
      "integrity": "sha512-kxGkS80eQGtLl18+uig1UIf9MKixFSyPxglsgLBxlYnyDf65BiY9B3nZSc6C9XUNDgStROB0fMQlTEz1KxGddw==",
      "requires": {
        "react-fast-compare": "^3.0.1",
        "warning": "^4.0.2"
      }
    },
    "regenerator-runtime": {
      "version": "0.13.9",
      "resolved": "https://registry.npmjs.org/regenerator-runtime/-/regenerator-runtime-0.13.9.tgz",
      "integrity": "sha512-p3VT+cOEgxFsRRA9X4lkI1E+k2/CtnKtU4gcxyaCUreilL/vqI6CdZ3wxVUx3UOUg+gnUOQQcRI7BmSI656MYA=="
    },
    "scheduler": {
      "version": "0.20.2",
      "resolved": "https://registry.npmjs.org/scheduler/-/scheduler-0.20.2.tgz",
      "integrity": "sha512-2eWfGgAqqWFGqtdMmcL5zCMK1U8KlXv8SQFGglL3CEtd0aDVDWgeF/YoCmvln55m5zSk3J/20hTaSBeSObsQDQ==",
      "requires": {
        "loose-envify": "^1.1.0",
        "object-assign": "^4.1.1"
      }
    },
    "semantic-ui-css": {
      "version": "2.4.1",
      "resolved": "https://registry.npmjs.org/semantic-ui-css/-/semantic-ui-css-2.4.1.tgz",
      "integrity": "sha512-Pkp0p9oWOxlH0kODx7qFpIRYpK1T4WJOO4lNnpNPOoWKCrYsfHqYSKgk5fHfQtnWnsAKy7nLJMW02bgDWWFZFg==",
      "requires": {
        "jquery": "x.*"
      }
    },
    "semantic-ui-react": {
      "version": "2.0.4",
      "resolved": "https://registry.npmjs.org/semantic-ui-react/-/semantic-ui-react-2.0.4.tgz",
      "integrity": "sha512-nTlIN/K1iEA7ybut2ICBlPfAushs2afkyUuwQ6vMlYpvLjnnUgN+JKhhoq47MlRuQ2ekdMDZ9OgctViTbDyBaQ==",
      "requires": {
        "@babel/runtime": "^7.10.5",
        "@fluentui/react-component-event-listener": "~0.51.6",
        "@fluentui/react-component-ref": "~0.51.6",
        "@popperjs/core": "^2.6.0",
        "@semantic-ui-react/event-stack": "^3.1.2",
        "clsx": "^1.1.1",
        "keyboard-key": "^1.1.0",
        "lodash": "^4.17.21",
        "lodash-es": "^4.17.21",
        "prop-types": "^15.7.2",
        "react-is": "^16.8.6 || ^17.0.0",
        "react-popper": "^2.2.4",
        "shallowequal": "^1.1.0"
      }
    },
    "shallowequal": {
      "version": "1.1.0",
      "resolved": "https://registry.npmjs.org/shallowequal/-/shallowequal-1.1.0.tgz",
      "integrity": "sha512-y0m1JoUZSlPAjXVtPPW70aZWfIL/dSP7AFkRnniLCrK/8MDKog3TySTBmckD+RObVxH0v4Tox67+F14PdED2oQ=="
    },
    "typescript": {
      "version": "4.5.4",
      "resolved": "https://registry.npmjs.org/typescript/-/typescript-4.5.4.tgz",
      "integrity": "sha512-VgYs2A2QIRuGphtzFV7aQJduJ2gyfTljngLzjpfW9FoYZF6xuw1W0vW9ghCKLfcWrCFxK81CSGRAvS1pn4fIUg=="
    },
    "uplot": {
      "version": "1.6.17",
      "resolved": "https://registry.npmjs.org/uplot/-/uplot-1.6.17.tgz",
      "integrity": "sha512-WHNHvDCXURn+Qwb3QUUzP6rOxx+3kUZUspREyhkqmXCxFIND99l5z9intTh+uPEt+/EEu7lCaMjSd1uTfuTXfg=="
    },
    "warning": {
      "version": "4.0.3",
      "resolved": "https://registry.npmjs.org/warning/-/warning-4.0.3.tgz",
      "integrity": "sha512-rpJyN222KWIvHJ/F53XSZv0Zl/accqHR8et1kpaMTD/fLCRxtV8iX8czMzY7sVZupTI3zcUTg8eycS2kNF9l6w==",
      "requires": {
        "loose-envify": "^1.0.0"
      }
    }
  }
}
